
Microsoft Visual Studio Solution File, Format Version 12.00
# Visual Studio 15
Project("{FAE04EC0-301F-11D3-BF4B-00C04F79EFBC}") = "Assembly-CSharp", "Assembly-CSharp.csproj", "{265FFDF7-CC94-0035-70F7-40EE61AF7FAA}"
EndProject
Project("{FAE04EC0-301F-11D3-BF4B-00C04F79EFBC}") = "Assembly-CSharp-Editor", "Assembly-CSharp-Editor.csproj", "{FE20E2D3-DFC0-3159-517A-D359164EDDCF}"
EndProject
Project("{FAE04EC0-301F-11D3-BF4B-00C04F79EFBC}") = "Root", "Root.csproj", "{F9288B7C-85F4-74C9-13D8-C603D20E6A8F}"
EndProject
Project("{FAE04EC0-301F-11D3-BF4B-00C04F79EFBC}") = "Tests", "Tests.csproj", "{1B5CD269-4116-4EC9-B84F-4CF962063DBC}"
EndProject
Global
	GlobalSection(SolutionConfigurationPlatforms) = preSolution
		Debug|Any CPU = Debug|Any CPU
		Release|Any CPU = Release|Any CPU
	EndGlobalSection
	GlobalSection(ProjectConfigurationPlatforms) = postSolution
		{265FFDF7-CC94-0035-70F7-40EE61AF7FAA}.Debug|Any CPU.ActiveCfg = Debug|Any CPU
		{265FFDF7-CC94-0035-70F7-40EE61AF7FAA}.Debug|Any CPU.Build.0 = Debug|Any CPU
		{265FFDF7-CC94-0035-70F7-40EE61AF7FAA}.Release|Any CPU.ActiveCfg = Release|Any CPU
		{265FFDF7-CC94-0035-70F7-40EE61AF7FAA}.Release|Any CPU.Build.0 = Release|Any CPU
		{FE20E2D3-DFC0-3159-517A-D359164EDDCF}.Debug|Any CPU.ActiveCfg = Debug|Any CPU
		{FE20E2D3-DFC0-3159-517A-D359164EDDCF}.Debug|Any CPU.Build.0 = Debug|Any CPU
		{FE20E2D3-DFC0-3159-517A-D359164EDDCF}.Release|Any CPU.ActiveCfg = Release|Any CPU
		{FE20E2D3-DFC0-3159-517A-D359164EDDCF}.Release|Any CPU.Build.0 = Release|Any CPU
		{F9288B7C-85F4-74C9-13D8-C603D20E6A8F}.Debug|Any CPU.ActiveCfg = Debug|Any CPU
		{F9288B7C-85F4-74C9-13D8-C603D20E6A8F}.Debug|Any CPU.Build.0 = Debug|Any CPU
		{F9288B7C-85F4-74C9-13D8-C603D20E6A8F}.Release|Any CPU.ActiveCfg = Release|Any CPU
		{F9288B7C-85F4-74C9-13D8-C603D20E6A8F}.Release|Any CPU.Build.0 = Release|Any CPU
		{1B5CD269-4116-4EC9-B84F-4CF962063DBC}.Debug|Any CPU.ActiveCfg = Debug|Any CPU
		{1B5CD269-4116-4EC9-B84F-4CF962063DBC}.Debug|Any CPU.Build.0 = Debug|Any CPU
		{1B5CD269-4116-4EC9-B84F-4CF962063DBC}.Release|Any CPU.ActiveCfg = Release|Any CPU
		{1B5CD269-4116-4EC9-B84F-4CF962063DBC}.Release|Any CPU.Build.0 = Release|Any CPU
	EndGlobalSection
	GlobalSection(SolutionProperties) = preSolution
		HideSolutionNode = FALSE
	EndGlobalSection
EndGlobal
