
Microsoft Visual Studio Solution File, Format Version 11.00
# Visual Studio 2010
Project("{FAE04EC0-301F-11D3-BF4B-00C04F79EFBC}") = "Assembly-CSharp", "Assembly-CSharp.csproj", "{2f8b0414-603f-a5d5-b6c9-289b74d6389b}"
EndProject
Project("{FAE04EC0-301F-11D3-BF4B-00C04F79EFBC}") = "Assembly-CSharp-Editor", "Assembly-CSharp-Editor.csproj", "{0a25f722-dfd1-561b-1d24-71514ac1133b}"
EndProject
Global
	GlobalSection(SolutionConfigurationPlatforms) = preSolution
		Debug|Any CPU = Debug|Any CPU
	EndGlobalSection
	GlobalSection(ProjectConfigurationPlatforms) = postSolution
		{2f8b0414-603f-a5d5-b6c9-289b74d6389b}.Debug|Any CPU.ActiveCfg = Debug|Any CPU
		{2f8b0414-603f-a5d5-b6c9-289b74d6389b}.Debug|Any CPU.Build.0 = Debug|Any CPU
		{0a25f722-dfd1-561b-1d24-71514ac1133b}.Debug|Any CPU.ActiveCfg = Debug|Any CPU
		{0a25f722-dfd1-561b-1d24-71514ac1133b}.Debug|Any CPU.Build.0 = Debug|Any CPU
	EndGlobalSection
	GlobalSection(SolutionProperties) = preSolution
		HideSolutionNode = FALSE
	EndGlobalSection
EndGlobal
